# generated by rye
# use `rye lock` or `rye sync` to update this lockfile
#
# last locked with the following flags:
#   pre: false
#   features: []
#   all-features: false
#   with-sources: false
#   generate-hashes: false

-e file:.
certifi==2023.7.22
    # via reader
    # via requests
charset-normalizer==2.0.12
    # via reader
    # via requests
html2text==2020.1.16
    # via reader
idna==3.3
    # via reader
    # via requests
naked==0.1.32
    # via reader
pyyaml==6.0.2
    # via naked
requests==2.31.0
    # via naked
    # via reader
urllib3==1.26.18
    # via reader
    # via requests
